PODS:
  - AppAuth (1.7.5):
    - AppAuth/Core (= 1.7.5)
    - AppAuth/ExternalUserAgent (= 1.7.5)
  - AppAuth/Core (1.7.5)
  - AppAuth/ExternalUserAgent (1.7.5):
    - AppAuth/Core
  - audio_session (0.0.1):
    - Flutter
  - cloud_firestore (5.4.5):
    - Firebase/Firestore (= 11.4.0)
    - firebase_core
    - Flutter
  - connectivity_plus (0.0.1):
    - Flutter
    - FlutterMacOS
  - FBAEMKit (17.0.3):
    - FBSDKCoreKit_Basics (= 17.0.3)
  - FBSDKCoreKit (17.0.3):
    - FBAEMKit (= 17.0.3)
    - FBSDKCoreKit_Basics (= 17.0.3)
  - FBSDKCoreKit_Basics (17.0.3)
  - FBSDKLoginKit (17.0.3):
    - FBSDKCoreKit (= 17.0.3)
  - Firebase/Analytics (11.4.0):
    - Firebase/Core
  - Firebase/Auth (11.4.0):
    - Firebase/CoreOnly
    - FirebaseAuth (~> 11.4.0)
  - Firebase/Core (11.4.0):
    - Firebase/CoreOnly
    - FirebaseAnalytics (~> 11.4.0)
  - Firebase/CoreOnly (11.4.0):
    - FirebaseCore (= 11.4.0)
  - Firebase/Crashlytics (11.4.0):
    - Firebase/CoreOnly
    - FirebaseCrashlytics (~> 11.4.0)
  - Firebase/Database (11.4.0):
    - Firebase/CoreOnly
    - FirebaseDatabase (~> 11.4.0)
  - Firebase/Firestore (11.4.0):
    - Firebase/CoreOnly
    - FirebaseFirestore (~> 11.4.0)
  - Firebase/Messaging (11.4.0):
    - Firebase/CoreOnly
    - FirebaseMessaging (~> 11.4.0)
  - Firebase/Storage (11.4.0):
    - Firebase/CoreOnly
    - FirebaseStorage (~> 11.4.0)
  - firebase_analytics (11.3.4):
    - Firebase/Analytics (= 11.4.0)
    - firebase_core
    - Flutter
  - firebase_auth (5.3.2):
    - Firebase/Auth (= 11.4.0)
    - firebase_core
    - Flutter
  - firebase_core (3.7.0):
    - Firebase/CoreOnly (= 11.4.0)
    - Flutter
  - firebase_crashlytics (4.1.4):
    - Firebase/Crashlytics (= 11.4.0)
    - firebase_core
    - Flutter
  - firebase_database (11.1.5):
    - Firebase/Database (= 11.4.0)
    - firebase_core
    - Flutter
  - firebase_messaging (15.1.4):
    - Firebase/Messaging (= 11.4.0)
    - firebase_core
    - Flutter
  - firebase_storage (12.3.5):
    - Firebase/Storage (= 11.4.0)
    - firebase_core
    - Flutter
  - FirebaseAnalytics (11.4.0):
    - FirebaseAnalytics/AdIdSupport (= 11.4.0)
    - FirebaseCore (~> 11.0)
    - FirebaseInstallations (~> 11.0)
    - GoogleUtilities/AppDelegateSwizzler (~> 8.0)
    - GoogleUtilities/MethodSwizzler (~> 8.0)
    - GoogleUtilities/Network (~> 8.0)
    - "GoogleUtilities/NSData+zlib (~> 8.0)"
    - nanopb (~> 3.30910.0)
  - FirebaseAnalytics/AdIdSupport (11.4.0):
    - FirebaseCore (~> 11.0)
    - FirebaseInstallations (~> 11.0)
    - GoogleAppMeasurement (= 11.4.0)
    - GoogleUtilities/AppDelegateSwizzler (~> 8.0)
    - GoogleUtilities/MethodSwizzler (~> 8.0)
    - GoogleUtilities/Network (~> 8.0)
    - "GoogleUtilities/NSData+zlib (~> 8.0)"
    - nanopb (~> 3.30910.0)
  - FirebaseAppCheckInterop (11.4.0)
  - FirebaseAuth (11.4.0):
    - FirebaseAppCheckInterop (~> 11.0)
    - FirebaseAuthInterop (~> 11.0)
    - FirebaseCore (~> 11.4)
    - FirebaseCoreExtension (~> 11.4)
    - GoogleUtilities/AppDelegateSwizzler (~> 8.0)
    - GoogleUtilities/Environment (~> 8.0)
    - GTMSessionFetcher/Core (< 5.0, >= 3.4)
    - RecaptchaInterop (~> 100.0)
  - FirebaseAuthInterop (11.4.0)
  - FirebaseCore (11.4.0):
    - FirebaseCoreInternal (~> 11.0)
    - GoogleUtilities/Environment (~> 8.0)
    - GoogleUtilities/Logger (~> 8.0)
  - FirebaseCoreExtension (11.4.0):
    - FirebaseCore (~> 11.0)
  - FirebaseCoreInternal (11.4.2):
    - "GoogleUtilities/NSData+zlib (~> 8.0)"
  - FirebaseCrashlytics (11.4.0):
    - FirebaseCore (~> 11.4)
    - FirebaseInstallations (~> 11.0)
    - FirebaseRemoteConfigInterop (~> 11.0)
    - FirebaseSessions (~> 11.0)
    - GoogleDataTransport (~> 10.0)
    - GoogleUtilities/Environment (~> 8.0)
    - nanopb (~> 3.30910.0)
    - PromisesObjC (~> 2.4)
  - FirebaseDatabase (11.4.0):
    - FirebaseAppCheckInterop (~> 11.0)
    - FirebaseCore (~> 11.0)
    - FirebaseSharedSwift (~> 11.0)
    - GoogleUtilities/UserDefaults (~> 8.0)
    - leveldb-library (~> 1.22)
  - FirebaseFirestore (11.4.0):
    - FirebaseFirestoreBinary (= 11.4.0)
  - FirebaseFirestoreAbseilBinary (1.2024011602.0)
  - FirebaseFirestoreBinary (11.4.0):
    - FirebaseCore (= 11.4.0)
    - FirebaseCoreExtension (= 11.4.0)
    - FirebaseFirestoreInternalBinary (= 11.4.0)
    - FirebaseSharedSwift (= 11.4.0)
  - FirebaseFirestoreGRPCBoringSSLBinary (1.65.1)
  - FirebaseFirestoreGRPCCoreBinary (1.65.1):
    - FirebaseFirestoreAbseilBinary (= 1.2024011602.0)
    - FirebaseFirestoreGRPCBoringSSLBinary (= 1.65.1)
  - FirebaseFirestoreGRPCCPPBinary (1.65.1):
    - FirebaseFirestoreAbseilBinary (= 1.2024011602.0)
    - FirebaseFirestoreGRPCCoreBinary (= 1.65.1)
  - FirebaseFirestoreInternalBinary (11.4.0):
    - FirebaseCore (= 11.4.0)
    - FirebaseFirestoreAbseilBinary (= 1.2024011602.0)
    - FirebaseFirestoreGRPCCPPBinary (= 1.65.1)
    - leveldb-library (~> 1.22)
    - nanopb (~> 3.30910.0)
  - FirebaseInstallations (11.4.0):
    - FirebaseCore (~> 11.0)
    - GoogleUtilities/Environment (~> 8.0)
    - GoogleUtilities/UserDefaults (~> 8.0)
    - PromisesObjC (~> 2.4)
  - FirebaseMessaging (11.4.0):
    - FirebaseCore (~> 11.0)
    - FirebaseInstallations (~> 11.0)
    - GoogleDataTransport (~> 10.0)
    - GoogleUtilities/AppDelegateSwizzler (~> 8.0)
    - GoogleUtilities/Environment (~> 8.0)
    - GoogleUtilities/Reachability (~> 8.0)
    - GoogleUtilities/UserDefaults (~> 8.0)
    - nanopb (~> 3.30910.0)
  - FirebaseRemoteConfigInterop (11.4.0)
  - FirebaseSessions (11.4.0):
    - FirebaseCore (~> 11.4)
    - FirebaseCoreExtension (~> 11.4)
    - FirebaseInstallations (~> 11.0)
    - GoogleDataTransport (~> 10.0)
    - GoogleUtilities/Environment (~> 8.0)
    - GoogleUtilities/UserDefaults (~> 8.0)
    - nanopb (~> 3.30910.0)
    - PromisesSwift (~> 2.1)
  - FirebaseSharedSwift (11.4.0)
  - FirebaseStorage (11.4.0):
    - FirebaseAppCheckInterop (~> 11.0)
    - FirebaseAuthInterop (~> 11.0)
    - FirebaseCore (~> 11.4)
    - FirebaseCoreExtension (~> 11.4)
    - GoogleUtilities/Environment (~> 8.0)
    - GTMSessionFetcher/Core (< 5.0, >= 3.4)
  - Flutter (1.0.0)
  - flutter_facebook_auth (7.0.1):
    - FBSDKLoginKit (~> 17.0.2)
    - Flutter
  - flutter_local_notifications (0.0.1):
    - Flutter
  - flutter_native_splash (0.0.1):
    - Flutter
  - flutter_secure_storage (6.0.0):
    - Flutter
  - gal (1.0.0):
    - Flutter
    - FlutterMacOS
  - Google-Mobile-Ads-SDK (11.2.0):
    - GoogleUserMessagingPlatform (>= 1.1)
  - google_mobile_ads (5.1.0):
    - Flutter
    - Google-Mobile-Ads-SDK (~> 11.2.0)
    - webview_flutter_wkwebview
  - google_sign_in_ios (0.0.1):
    - AppAuth (>= 1.7.4)
    - Flutter
    - FlutterMacOS
    - GoogleSignIn (~> 7.1)
    - GTMSessionFetcher (>= 3.4.0)
  - GoogleAppMeasurement (11.4.0):
    - GoogleAppMeasurement/AdIdSupport (= 11.4.0)
    - GoogleUtilities/AppDelegateSwizzler (~> 8.0)
    - GoogleUtilities/MethodSwizzler (~> 8.0)
    - GoogleUtilities/Network (~> 8.0)
    - "GoogleUtilities/NSData+zlib (~> 8.0)"
    - nanopb (~> 3.30910.0)
  - GoogleAppMeasurement/AdIdSupport (11.4.0):
    - GoogleAppMeasurement/WithoutAdIdSupport (= 11.4.0)
    - GoogleUtilities/AppDelegateSwizzler (~> 8.0)
    - GoogleUtilities/MethodSwizzler (~> 8.0)
    - GoogleUtilities/Network (~> 8.0)
    - "GoogleUtilities/NSData+zlib (~> 8.0)"
    - nanopb (~> 3.30910.0)
  - GoogleAppMeasurement/WithoutAdIdSupport (11.4.0):
    - GoogleUtilities/AppDelegateSwizzler (~> 8.0)
    - GoogleUtilities/MethodSwizzler (~> 8.0)
    - GoogleUtilities/Network (~> 8.0)
    - "GoogleUtilities/NSData+zlib (~> 8.0)"
    - nanopb (~> 3.30910.0)
  - GoogleDataTransport (10.1.0):
    - nanopb (~> 3.30910.0)
    - PromisesObjC (~> 2.4)
  - GoogleSignIn (7.1.0):
    - AppAuth (< 2.0, >= 1.7.3)
    - GTMAppAuth (< 5.0, >= 4.1.1)
    - GTMSessionFetcher/Core (~> 3.3)
  - GoogleUserMessagingPlatform (2.7.0)
  - GoogleUtilities/AppDelegateSwizzler (8.0.2):
    - GoogleUtilities/Environment
    - GoogleUtilities/Logger
    - GoogleUtilities/Network
    - GoogleUtilities/Privacy
  - GoogleUtilities/Environment (8.0.2):
    - GoogleUtilities/Privacy
  - GoogleUtilities/Logger (8.0.2):
    - GoogleUtilities/Environment
    - GoogleUtilities/Privacy
  - GoogleUtilities/MethodSwizzler (8.0.2):
    - GoogleUtilities/Logger
    - GoogleUtilities/Privacy
  - GoogleUtilities/Network (8.0.2):
    - GoogleUtilities/Logger
    - "GoogleUtilities/NSData+zlib"
    - GoogleUtilities/Privacy
    - GoogleUtilities/Reachability
  - "GoogleUtilities/NSData+zlib (8.0.2)":
    - GoogleUtilities/Privacy
  - GoogleUtilities/Privacy (8.0.2)
  - GoogleUtilities/Reachability (8.0.2):
    - GoogleUtilities/Logger
    - GoogleUtilities/Privacy
  - GoogleUtilities/UserDefaults (8.0.2):
    - GoogleUtilities/Logger
    - GoogleUtilities/Privacy
  - GTMAppAuth (4.1.1):
    - AppAuth/Core (~> 1.7)
    - GTMSessionFetcher/Core (< 4.0, >= 3.3)
  - GTMSessionFetcher (3.5.0):
    - GTMSessionFetcher/Full (= 3.5.0)
  - GTMSessionFetcher/Core (3.5.0)
  - GTMSessionFetcher/Full (3.5.0):
    - GTMSessionFetcher/Core
  - image_picker_ios (0.0.1):
    - Flutter
  - in_app_purchase_storekit (0.0.1):
    - Flutter
    - FlutterMacOS
  - in_app_review (0.2.0):
    - Flutter
  - just_audio (0.0.1):
    - Flutter
    - FlutterMacOS
  - kakao_flutter_sdk_common (1.9.6):
    - Flutter
  - leveldb-library (1.22.6)
  - Mixpanel-swift (4.3.0):
    - Mixpanel-swift/Complete (= 4.3.0)
  - Mixpanel-swift/Complete (4.3.0)
  - mixpanel_flutter (2.3.4):
    - Flutter
    - Mixpanel-swift (= 4.3.0)
  - nanopb (3.30910.0):
    - nanopb/decode (= 3.30910.0)
    - nanopb/encode (= 3.30910.0)
  - nanopb/decode (3.30910.0)
  - nanopb/encode (3.30910.0)
  - package_info_plus (0.4.5):
    - Flutter
  - path_provider_foundation (0.0.1):
    - Flutter
    - FlutterMacOS
  - PromisesObjC (2.4.0)
  - PromisesSwift (2.4.0):
    - PromisesObjC (= 2.4.0)
  - RecaptchaInterop (100.0.0)
  - share_plus (0.0.1):
    - Flutter
  - shared_preferences_foundation (0.0.1):
    - Flutter
    - FlutterMacOS
  - sign_in_with_apple (0.0.1):
    - Flutter
  - sqflite (0.0.3):
    - Flutter
    - FlutterMacOS
  - url_launcher_ios (0.0.1):
    - Flutter
  - wakelock_plus (0.0.1):
    - Flutter
  - webview_flutter_wkwebview (0.0.1):
    - Flutter

DEPENDENCIES:
  - audio_session (from `.symlinks/plugins/audio_session/ios`)
  - cloud_firestore (from `.symlinks/plugins/cloud_firestore/ios`)
  - connectivity_plus (from `.symlinks/plugins/connectivity_plus/darwin`)
  - firebase_analytics (from `.symlinks/plugins/firebase_analytics/ios`)
  - firebase_auth (from `.symlinks/plugins/firebase_auth/ios`)
  - firebase_core (from `.symlinks/plugins/firebase_core/ios`)
  - firebase_crashlytics (from `.symlinks/plugins/firebase_crashlytics/ios`)
  - firebase_database (from `.symlinks/plugins/firebase_database/ios`)
  - firebase_messaging (from `.symlinks/plugins/firebase_messaging/ios`)
  - firebase_storage (from `.symlinks/plugins/firebase_storage/ios`)
  - FirebaseFirestore (from `https://github.com/invertase/firestore-ios-sdk-frameworks.git`, tag `11.4.0`)
  - Flutter (from `Flutter`)
  - flutter_facebook_auth (from `.symlinks/plugins/flutter_facebook_auth/ios`)
  - flutter_local_notifications (from `.symlinks/plugins/flutter_local_notifications/ios`)
  - flutter_native_splash (from `.symlinks/plugins/flutter_native_splash/ios`)
  - flutter_secure_storage (from `.symlinks/plugins/flutter_secure_storage/ios`)
  - gal (from `.symlinks/plugins/gal/darwin`)
  - google_mobile_ads (from `.symlinks/plugins/google_mobile_ads/ios`)
  - google_sign_in_ios (from `.symlinks/plugins/google_sign_in_ios/darwin`)
  - image_picker_ios (from `.symlinks/plugins/image_picker_ios/ios`)
  - in_app_purchase_storekit (from `.symlinks/plugins/in_app_purchase_storekit/darwin`)
  - in_app_review (from `.symlinks/plugins/in_app_review/ios`)
  - just_audio (from `.symlinks/plugins/just_audio/darwin`)
  - kakao_flutter_sdk_common (from `.symlinks/plugins/kakao_flutter_sdk_common/ios`)
  - mixpanel_flutter (from `.symlinks/plugins/mixpanel_flutter/ios`)
  - package_info_plus (from `.symlinks/plugins/package_info_plus/ios`)
  - path_provider_foundation (from `.symlinks/plugins/path_provider_foundation/darwin`)
  - share_plus (from `.symlinks/plugins/share_plus/ios`)
  - shared_preferences_foundation (from `.symlinks/plugins/shared_preferences_foundation/darwin`)
  - sign_in_with_apple (from `.symlinks/plugins/sign_in_with_apple/ios`)
  - sqflite (from `.symlinks/plugins/sqflite/darwin`)
  - url_launcher_ios (from `.symlinks/plugins/url_launcher_ios/ios`)
  - wakelock_plus (from `.symlinks/plugins/wakelock_plus/ios`)
  - webview_flutter_wkwebview (from `.symlinks/plugins/webview_flutter_wkwebview/ios`)

SPEC REPOS:
  trunk:
    - AppAuth
    - FBAEMKit
    - FBSDKCoreKit
    - FBSDKCoreKit_Basics
    - FBSDKLoginKit
    - Firebase
    - FirebaseAnalytics
    - FirebaseAppCheckInterop
    - FirebaseAuth
    - FirebaseAuthInterop
    - FirebaseCore
    - FirebaseCoreExtension
    - FirebaseCoreInternal
    - FirebaseCrashlytics
    - FirebaseDatabase
    - FirebaseFirestoreAbseilBinary
    - FirebaseFirestoreBinary
    - FirebaseFirestoreGRPCBoringSSLBinary
    - FirebaseFirestoreGRPCCoreBinary
    - FirebaseFirestoreGRPCCPPBinary
    - FirebaseFirestoreInternalBinary
    - FirebaseInstallations
    - FirebaseMessaging
    - FirebaseRemoteConfigInterop
    - FirebaseSessions
    - FirebaseSharedSwift
    - FirebaseStorage
    - Google-Mobile-Ads-SDK
    - GoogleAppMeasurement
    - GoogleDataTransport
    - GoogleSignIn
    - GoogleUserMessagingPlatform
    - GoogleUtilities
    - GTMAppAuth
    - GTMSessionFetcher
    - leveldb-library
    - Mixpanel-swift
    - nanopb
    - PromisesObjC
    - PromisesSwift
    - RecaptchaInterop

EXTERNAL SOURCES:
  audio_session:
    :path: ".symlinks/plugins/audio_session/ios"
  cloud_firestore:
    :path: ".symlinks/plugins/cloud_firestore/ios"
  connectivity_plus:
    :path: ".symlinks/plugins/connectivity_plus/darwin"
  firebase_analytics:
    :path: ".symlinks/plugins/firebase_analytics/ios"
  firebase_auth:
    :path: ".symlinks/plugins/firebase_auth/ios"
  firebase_core:
    :path: ".symlinks/plugins/firebase_core/ios"
  firebase_crashlytics:
    :path: ".symlinks/plugins/firebase_crashlytics/ios"
  firebase_database:
    :path: ".symlinks/plugins/firebase_database/ios"
  firebase_messaging:
    :path: ".symlinks/plugins/firebase_messaging/ios"
  firebase_storage:
    :path: ".symlinks/plugins/firebase_storage/ios"
  FirebaseFirestore:
    :git: https://github.com/invertase/firestore-ios-sdk-frameworks.git
    :tag: 11.4.0
  Flutter:
    :path: Flutter
  flutter_facebook_auth:
    :path: ".symlinks/plugins/flutter_facebook_auth/ios"
  flutter_local_notifications:
    :path: ".symlinks/plugins/flutter_local_notifications/ios"
  flutter_native_splash:
    :path: ".symlinks/plugins/flutter_native_splash/ios"
  flutter_secure_storage:
    :path: ".symlinks/plugins/flutter_secure_storage/ios"
  gal:
    :path: ".symlinks/plugins/gal/darwin"
  google_mobile_ads:
    :path: ".symlinks/plugins/google_mobile_ads/ios"
  google_sign_in_ios:
    :path: ".symlinks/plugins/google_sign_in_ios/darwin"
  image_picker_ios:
    :path: ".symlinks/plugins/image_picker_ios/ios"
  in_app_purchase_storekit:
    :path: ".symlinks/plugins/in_app_purchase_storekit/darwin"
  in_app_review:
    :path: ".symlinks/plugins/in_app_review/ios"
  just_audio:
    :path: ".symlinks/plugins/just_audio/darwin"
  kakao_flutter_sdk_common:
    :path: ".symlinks/plugins/kakao_flutter_sdk_common/ios"
  mixpanel_flutter:
    :path: ".symlinks/plugins/mixpanel_flutter/ios"
  package_info_plus:
    :path: ".symlinks/plugins/package_info_plus/ios"
  path_provider_foundation:
    :path: ".symlinks/plugins/path_provider_foundation/darwin"
  share_plus:
    :path: ".symlinks/plugins/share_plus/ios"
  shared_preferences_foundation:
    :path: ".symlinks/plugins/shared_preferences_foundation/darwin"
  sign_in_with_apple:
    :path: ".symlinks/plugins/sign_in_with_apple/ios"
  sqflite:
    :path: ".symlinks/plugins/sqflite/darwin"
  url_launcher_ios:
    :path: ".symlinks/plugins/url_launcher_ios/ios"
  wakelock_plus:
    :path: ".symlinks/plugins/wakelock_plus/ios"
  webview_flutter_wkwebview:
    :path: ".symlinks/plugins/webview_flutter_wkwebview/ios"

CHECKOUT OPTIONS:
  FirebaseFirestore:
    :git: https://github.com/invertase/firestore-ios-sdk-frameworks.git
    :tag: 11.4.0

SPEC CHECKSUMS:
  AppAuth: 501c04eda8a8d11f179dbe8637b7a91bb7e5d2fa
  audio_session: 9bb7f6c970f21241b19f5a3658097ae459681ba0
  cloud_firestore: 6b4b5ca28a1f929b0c253ed55de76976310709a7
  connectivity_plus: 3f6c9057f4cd64198dc826edfb0542892f825343
  FBAEMKit: 9900b2edd99a2d21629a6277e6166f14c6215799
  FBSDKCoreKit: 0791f8f68a8630931a4c12aa23a56cc021551596
  FBSDKCoreKit_Basics: 46d6b472c0dd0a5a7e972c025033d1c567f54eb4
  FBSDKLoginKit: b4a4eba1d62eb452544411824f41689adabd5bd2
  Firebase: cf1b19f21410b029b6786a54e9764a0cacad3c99
  firebase_analytics: dc8228ac09a0f410729eb2ec6524a3bb46d05576
  firebase_auth: d92584a0edc1e7719081bd1620b7ac7bb405a39d
  firebase_core: 059a3a579c00e241fcdcd66d17190878f4f6ed53
  firebase_crashlytics: a29fae082bf9106c75dc992d4c268287e003a7fb
  firebase_database: 2280b735cc9a6ff9cc19210de10b00b877bd3639
  firebase_messaging: 2cf2397ef8ae51d39da705250e89c5cfeff57527
  firebase_storage: 908a9d0e3af2ebedefd5f049dcd13d3b3b76f435
  FirebaseAnalytics: 3feef9ae8733c567866342a1000691baaa7cad49
  FirebaseAppCheckInterop: 1b9643ae2f1ee214488caa2f8e32b7bc2f0f3735
  FirebaseAuth: c359af98bd703cbf4293eec107a40de08ede6ce6
  FirebaseAuthInterop: 9ac948965ac13ec9d8a080f39490ddb2bda30520
  FirebaseCore: e0510f1523bc0eb21653cac00792e1e2bd6f1771
  FirebaseCoreExtension: 4445e4cd877e0790c4af33bedca61eaef27b7513
  FirebaseCoreInternal: 35731192cab10797b88411be84940d2beb33a238
  FirebaseCrashlytics: 41bbdd2b514a8523cede0c217aee6ef7ecf38401
  FirebaseDatabase: ccd11f02c170076ffeeef40020cbb2f6d33e718c
  FirebaseFirestore: 97f18b411aaca686a9e94ba742341228643b1a46
  FirebaseFirestoreAbseilBinary: fa2ebd2ed02cadef5382e4f7c93f1b265c812c85
  FirebaseFirestoreBinary: d0380b879b58d663b22467017d0e348d5b17b36b
  FirebaseFirestoreGRPCBoringSSLBinary: d86ebbe2adc8d15d7ebf305fff7d6358385327f8
  FirebaseFirestoreGRPCCoreBinary: 472bd808e1886a5efb2fd03dd09b98d34641a335
  FirebaseFirestoreGRPCCPPBinary: db76d83d2b7517623f8426ed7f7a17bad2478084
  FirebaseFirestoreInternalBinary: 01c33a6d789b95dce32dbdfcaf30d60ddf8902d8
  FirebaseInstallations: 6ef4a1c7eb2a61ee1f74727d7f6ce2e72acf1414
  FirebaseMessaging: f8a160d99c2c2e5babbbcc90c4a3e15db036aee2
  FirebaseRemoteConfigInterop: e76f46ffa4d6a65e273d4dfebb6a79e588cec136
  FirebaseSessions: 3f56f177d9e53a85021d16b31f9a111849d1dd8b
  FirebaseSharedSwift: 505dae2d05969dbf6d43749a642bb1bf230f0252
  FirebaseStorage: 1bf8f80ac3bb02c72844b7350e95e10be7113ef0
  Flutter: e0871f40cf51350855a761d2e70bf5af5b9b5de7
  flutter_facebook_auth: 8ae86c1cf564cad8bbdead592c9ebb4e300f1e3b
  flutter_local_notifications: a5a732f069baa862e728d839dd2ebb904737effb
  flutter_native_splash: 35ddbc7228eafcb3969dcc5f1fbbe27c1145a4f0
  flutter_secure_storage: 1ed9476fba7e7a782b22888f956cce43e2c62f13
  gal: baecd024ebfd13c441269ca7404792a7152fde89
  Google-Mobile-Ads-SDK: 5a6d005a6cb5b5e8f4c7b69ca05cdea79c181139
  google_mobile_ads: e7ff9b0b955462fe3d397eb5cda398c13c1bb3b2
  google_sign_in_ios: 0ab078e60da6dfe23cbc55c83502b52bba1aad63
  GoogleAppMeasurement: 987769c4ca6b968f2479fbcc9fe3ce34af454b8e
  GoogleDataTransport: aae35b7ea0c09004c3797d53c8c41f66f219d6a7
  GoogleSignIn: d4281ab6cf21542b1cfaff85c191f230b399d2db
  GoogleUserMessagingPlatform: a8b56893477f67212fbc8411c139e61d463349f5
  GoogleUtilities: 26a3abef001b6533cf678d3eb38fd3f614b7872d
  GTMAppAuth: f69bd07d68cd3b766125f7e072c45d7340dea0de
  GTMSessionFetcher: 5aea5ba6bd522a239e236100971f10cb71b96ab6
  image_picker_ios: 7fe1ff8e34c1790d6fff70a32484959f563a928a
  in_app_purchase_storekit: e126ef1b89e4a9fdf07e28f005f82632b4609437
  in_app_review: 8efcf4a4d3ba72d5d776d29e5a268f1abf64d184
  just_audio: 4e391f57b79cad2b0674030a00453ca5ce817eed
  kakao_flutter_sdk_common: 7747df5fa2bf4cfcdc7aaa9ec260eb5e89e05f75
  leveldb-library: cc8b8f8e013647a295ad3f8cd2ddf49a6f19be19
  Mixpanel-swift: 2192b9a24cf41b870749e4e0e10fbc9822bb2b4a
  mixpanel_flutter: a3c76135610714c50f64ccdc09a1c66cf9be546b
  nanopb: fad817b59e0457d11a5dfbde799381cd727c1275
  package_info_plus: 580e9a5f1b6ca5594e7c9ed5f92d1dfb2a66b5e1
  path_provider_foundation: 080d55be775b7414fd5a5ef3ac137b97b097e564
  PromisesObjC: f5707f49cb48b9636751c5b2e7d227e43fba9f47
  PromisesSwift: 9d77319bbe72ebf6d872900551f7eeba9bce2851
  RecaptchaInterop: 7d1a4a01a6b2cb1610a47ef3f85f0c411434cb21
  share_plus: 011d6fb4f9d2576b83179a3a5c5e323202cdabcf
  shared_preferences_foundation: 9e1978ff2562383bd5676f64ec4e9aa8fa06a6f7
  sign_in_with_apple: c5dcc141574c8c54d5ac99dd2163c0c72ad22418
  sqflite: c35dad70033b8862124f8337cc994a809fcd9fa3
  url_launcher_ios: 694010445543906933d732453a59da0a173ae33d
  wakelock_plus: fd58c82b1388f4afe3fe8aa2c856503a262a5b03
  webview_flutter_wkwebview: 45a041c7831641076618876de3ba75c712860c6b

PODFILE CHECKSUM: bc3e21839fd4929f8943f2aa89f899bc3b04045f

COCOAPODS: 1.16.2
